// !$*UTF8*$!
{
	archiveVersion = 1;
	classes = {
	};
	objectVersion = 50;
	objects = {

/* Begin PBXBuildFile section */
		3C9CCE8F20EFFC2C005F19BC /* AppDelegate.swift in Sources */ = {isa = PBXBuildFile; fileRef = 3C9CCE8E20EFFC2C005F19BC /* AppDelegate.swift */; };
		3C9CCE9120EFFC2C005F19BC /* ViewController.swift in Sources */ = {isa = PBXBuildFile; fileRef = 3C9CCE9020EFFC2C005F19BC /* ViewController.swift */; };
		3C9CCE9420EFFC2C005F19BC /* Main.storyboard in Resources */ = {isa = PBXBuildFile; fileRef = 3C9CCE9220EFFC2C005F19BC /* Main.storyboard */; };
		3C9CCE9620EFFC2D005F19BC /* Assets.xcassets in Resources */ = {isa = PBXBuildFile; fileRef = 3C9CCE9520EFFC2D005F19BC /* Assets.xcassets */; };
		3C9CCE9920EFFC2D005F19BC /* LaunchScreen.storyboard in Resources */ = {isa = PBXBuildFile; fileRef = 3C9CCE9720EFFC2D005F19BC /* LaunchScreen.storyboard */; };
		3C9CCEB620EFFC41005F19BC /* WFImagePickerController.swift in Sources */ = {isa = PBXBuildFile; fileRef = 3C9CCEA520EFFC41005F19BC /* WFImagePickerController.swift */; };
		3C9CCEB720EFFC41005F19BC /* WFPhotoBrowserViewController.swift in Sources */ = {isa = PBXBuildFile; fileRef = 3C9CCEA620EFFC41005F19BC /* WFPhotoBrowserViewController.swift */; };
		3C9CCEB820EFFC41005F19BC /* WFPhotoListController.swift in Sources */ = {isa = PBXBuildFile; fileRef = 3C9CCEA720EFFC41005F19BC /* WFPhotoListController.swift */; };
		3C9CCEB920EFFC41005F19BC /* WFPresentationController.swift in Sources */ = {isa = PBXBuildFile; fileRef = 3C9CCEA820EFFC41005F19BC /* WFPresentationController.swift */; };
		3C9CCEBA20EFFC41005F19BC /* WFPhotoCollectionViewController.swift in Sources */ = {isa = PBXBuildFile; fileRef = 3C9CCEA920EFFC41005F19BC /* WFPhotoCollectionViewController.swift */; };
		3C9CCEBB20EFFC41005F19BC /* WFImagePickerConfiguration.swift in Sources */ = {isa = PBXBuildFile; fileRef = 3C9CCEAB20EFFC41005F19BC /* WFImagePickerConfiguration.swift */; };
		3C9CCEBC20EFFC41005F19BC /* WFConfig.swift in Sources */ = {isa = PBXBuildFile; fileRef = 3C9CCEAC20EFFC41005F19BC /* WFConfig.swift */; };
		3C9CCEBD20EFFC41005F19BC /* WFUserContext.swift in Sources */ = {isa = PBXBuildFile; fileRef = 3C9CCEAD20EFFC41005F19BC /* WFUserContext.swift */; };
		3C9CCEBE20EFFC41005F19BC /* WFImageAlbumModel.swift in Sources */ = {isa = PBXBuildFile; fileRef = 3C9CCEAE20EFFC41005F19BC /* WFImageAlbumModel.swift */; };
		3C9CCEBF20EFFC41005F19BC /* WFImagePickerCollectionViewCell.swift in Sources */ = {isa = PBXBuildFile; fileRef = 3C9CCEB020EFFC41005F19BC /* WFImagePickerCollectionViewCell.swift */; };
		3C9CCEC020EFFC42005F19BC /* WFPhotoBrowserCollectionViewCell.swift in Sources */ = {isa = PBXBuildFile; fileRef = 3C9CCEB120EFFC41005F19BC /* WFPhotoBrowserCollectionViewCell.swift */; };
		3C9CCEC120EFFC42005F19BC /* WFPhotoListTableViewCell.swift in Sources */ = {isa = PBXBuildFile; fileRef = 3C9CCEB220EFFC41005F19BC /* WFPhotoListTableViewCell.swift */; };
		3C9CCEC220EFFC42005F19BC /* WFToolbar.swift in Sources */ = {isa = PBXBuildFile; fileRef = 3C9CCEB320EFFC41005F19BC /* WFToolbar.swift */; };
		3CAE8FD520F0AE4D00E402F9 /* WFImagePicker.bundle in Resources */ = {isa = PBXBuildFile; fileRef = 3CAE8FD420F0AE4D00E402F9 /* WFImagePicker.bundle */; };
/* End PBXBuildFile section */

/* Begin PBXFileReference section */
		3C9CCE8B20EFFC2C005F19BC /* WFImagePicker.app */ = {isa = PBXFileReference; explicitFileType = wrapper.application; includeInIndex = 0; path = WFImagePicker.app; sourceTree = BUILT_PRODUCTS_DIR; };
		3C9CCE8E20EFFC2C005F19BC /* AppDelegate.swift */ = {isa = PBXFileReference; lastKnownFileType = sourcecode.swift; path = AppDelegate.swift; sourceTree = "<group>"; };
		3C9CCE9020EFFC2C005F19BC /* ViewController.swift */ = {isa = PBXFileReference; lastKnownFileType = sourcecode.swift; path = ViewController.swift; sourceTree = "<group>"; };
		3C9CCE9320EFFC2C005F19BC /* Base */ = {isa = PBXFileReference; lastKnownFileType = file.storyboard; name = Base; path = Base.lproj/Main.storyboard; sourceTree = "<group>"; };
		3C9CCE9520EFFC2D005F19BC /* Assets.xcassets */ = {isa = PBXFileReference; lastKnownFileType = folder.assetcatalog; path = Assets.xcassets; sourceTree = "<group>"; };
		3C9CCE9820EFFC2D005F19BC /* Base */ = {isa = PBXFileReference; lastKnownFileType = file.storyboard; name = Base; path = Base.lproj/LaunchScreen.storyboard; sourceTree = "<group>"; };
		3C9CCE9A20EFFC2D005F19BC /* Info.plist */ = {isa = PBXFileReference; lastKnownFileType = text.plist.xml; path = Info.plist; sourceTree = "<group>"; };
		3C9CCEA520EFFC41005F19BC /* WFImagePickerController.swift */ = {isa = PBXFileReference; fileEncoding = 4; lastKnownFileType = sourcecode.swift; path = WFImagePickerController.swift; sourceTree = "<group>"; };
		3C9CCEA620EFFC41005F19BC /* WFPhotoBrowserViewController.swift */ = {isa = PBXFileReference; fileEncoding = 4; lastKnownFileType = sourcecode.swift; path = WFPhotoBrowserViewController.swift; sourceTree = "<group>"; };
		3C9CCEA720EFFC41005F19BC /* WFPhotoListController.swift */ = {isa = PBXFileReference; fileEncoding = 4; lastKnownFileType = sourcecode.swift; path = WFPhotoListController.swift; sourceTree = "<group>"; };
		3C9CCEA820EFFC41005F19BC /* WFPresentationController.swift */ = {isa = PBXFileReference; fileEncoding = 4; lastKnownFileType = sourcecode.swift; path = WFPresentationController.swift; sourceTree = "<group>"; };
		3C9CCEA920EFFC41005F19BC /* WFPhotoCollectionViewController.swift */ = {isa = PBXFileReference; fileEncoding = 4; lastKnownFileType = sourcecode.swift; path = WFPhotoCollectionViewController.swift; sourceTree = "<group>"; };
		3C9CCEAB20EFFC41005F19BC /* WFImagePickerConfiguration.swift */ = {isa = PBXFileReference; fileEncoding = 4; lastKnownFileType = sourcecode.swift; path = WFImagePickerConfiguration.swift; sourceTree = "<group>"; };
		3C9CCEAC20EFFC41005F19BC /* WFConfig.swift */ = {isa = PBXFileReference; fileEncoding = 4; lastKnownFileType = sourcecode.swift; path = WFConfig.swift; sourceTree = "<group>"; };
		3C9CCEAD20EFFC41005F19BC /* WFUserContext.swift */ = {isa = PBXFileReference; fileEncoding = 4; lastKnownFileType = sourcecode.swift; path = WFUserContext.swift; sourceTree = "<group>"; };
		3C9CCEAE20EFFC41005F19BC /* WFImageAlbumModel.swift */ = {isa = PBXFileReference; fileEncoding = 4; lastKnownFileType = sourcecode.swift; path = WFImageAlbumModel.swift; sourceTree = "<group>"; };
		3C9CCEB020EFFC41005F19BC /* WFImagePickerCollectionViewCell.swift */ = {isa = PBXFileReference; fileEncoding = 4; lastKnownFileType = sourcecode.swift; path = WFImagePickerCollectionViewCell.swift; sourceTree = "<group>"; };
		3C9CCEB120EFFC41005F19BC /* WFPhotoBrowserCollectionViewCell.swift */ = {isa = PBXFileReference; fileEncoding = 4; lastKnownFileType = sourcecode.swift; path = WFPhotoBrowserCollectionViewCell.swift; sourceTree = "<group>"; };
		3C9CCEB220EFFC41005F19BC /* WFPhotoListTableViewCell.swift */ = {isa = PBXFileReference; fileEncoding = 4; lastKnownFileType = sourcecode.swift; path = WFPhotoListTableViewCell.swift; sourceTree = "<group>"; };
		3C9CCEB320EFFC41005F19BC /* WFToolbar.swift */ = {isa = PBXFileReference; fileEncoding = 4; lastKnownFileType = sourcecode.swift; path = WFToolbar.swift; sourceTree = "<group>"; };
		3CAE8FD420F0AE4D00E402F9 /* WFImagePicker.bundle */ = {isa = PBXFileReference; lastKnownFileType = "wrapper.plug-in"; path = WFImagePicker.bundle; sourceTree = "<group>"; };
/* End PBXFileReference section */

/* Begin PBXFrameworksBuildPhase section */
		3C9CCE8820EFFC2C005F19BC /* Frameworks */ = {
			isa = PBXFrameworksBuildPhase;
			buildActionMask = 2147483647;
			files = (
			);
			runOnlyForDeploymentPostprocessing = 0;
		};
/* End PBXFrameworksBuildPhase section */

/* Begin PBXGroup section */
		3C9CCE8220EFFC2C005F19BC = {
			isa = PBXGroup;
			children = (
				3C9CCE8D20EFFC2C005F19BC /* WFImagePicker */,
				3C9CCE8C20EFFC2C005F19BC /* Products */,
			);
			sourceTree = "<group>";
		};
		3C9CCE8C20EFFC2C005F19BC /* Products */ = {
			isa = PBXGroup;
			children = (
				3C9CCE8B20EFFC2C005F19BC /* WFImagePicker.app */,
			);
			name = Products;
			sourceTree = "<group>";
		};
		3C9CCE8D20EFFC2C005F19BC /* WFImagePicker */ = {
			isa = PBXGroup;
			children = (
				3C9CCEA020EFFC41005F19BC /* WFImagePicker */,
				3C9CCE8E20EFFC2C005F19BC /* AppDelegate.swift */,
				3C9CCE9020EFFC2C005F19BC /* ViewController.swift */,
				3C9CCE9220EFFC2C005F19BC /* Main.storyboard */,
				3C9CCE9520EFFC2D005F19BC /* Assets.xcassets */,
				3C9CCE9720EFFC2D005F19BC /* LaunchScreen.storyboard */,
				3C9CCE9A20EFFC2D005F19BC /* Info.plist */,
			);
			path = WFImagePicker;
			sourceTree = "<group>";
		};
		3C9CCEA020EFFC41005F19BC /* WFImagePicker */ = {
			isa = PBXGroup;
			children = (
				3CAE8FD420F0AE4D00E402F9 /* WFImagePicker.bundle */,
				3C9CCEA420EFFC41005F19BC /* Controller */,
				3C9CCEAA20EFFC41005F19BC /* Model */,
				3C9CCEAF20EFFC41005F19BC /* View */,
			);
			path = WFImagePicker;
			sourceTree = "<group>";
		};
		3C9CCEA420EFFC41005F19BC /* Controller */ = {
			isa = PBXGroup;
			children = (
				3C9CCEA520EFFC41005F19BC /* WFImagePickerController.swift */,
				3C9CCEA620EFFC41005F19BC /* WFPhotoBrowserViewController.swift */,
				3C9CCEA720EFFC41005F19BC /* WFPhotoListController.swift */,
				3C9CCEA820EFFC41005F19BC /* WFPresentationController.swift */,
				3C9CCEA920EFFC41005F19BC /* WFPhotoCollectionViewController.swift */,
			);
			path = Controller;
			sourceTree = "<group>";
		};
		3C9CCEAA20EFFC41005F19BC /* Model */ = {
			isa = PBXGroup;
			children = (
				3C9CCEAB20EFFC41005F19BC /* WFImagePickerConfiguration.swift */,
				3C9CCEAC20EFFC41005F19BC /* WFConfig.swift */,
				3C9CCEAD20EFFC41005F19BC /* WFUserContext.swift */,
				3C9CCEAE20EFFC41005F19BC /* WFImageAlbumModel.swift */,
			);
			path = Model;
			sourceTree = "<group>";
		};
		3C9CCEAF20EFFC41005F19BC /* View */ = {
			isa = PBXGroup;
			children = (
				3C9CCEB020EFFC41005F19BC /* WFImagePickerCollectionViewCell.swift */,
				3C9CCEB120EFFC41005F19BC /* WFPhotoBrowserCollectionViewCell.swift */,
				3C9CCEB220EFFC41005F19BC /* WFPhotoListTableViewCell.swift */,
				3C9CCEB320EFFC41005F19BC /* WFToolbar.swift */,
			);
			path = View;
			sourceTree = "<group>";
		};
/* End PBXGroup section */

/* Begin PBXNativeTarget section */
		3C9CCE8A20EFFC2C005F19BC /* WFImagePicker */ = {
			isa = PBXNativeTarget;
			buildConfigurationList = 3C9CCE9D20EFFC2D005F19BC /* Build configuration list for PBXNativeTarget "WFImagePicker" */;
			buildPhases = (
				3C9CCE8720EFFC2C005F19BC /* Sources */,
				3C9CCE8820EFFC2C005F19BC /* Frameworks */,
				3C9CCE8920EFFC2C005F19BC /* Resources */,
			);
			buildRules = (
			);
			dependencies = (
			);
			name = WFImagePicker;
			productName = WFImagePicker;
			productReference = 3C9CCE8B20EFFC2C005F19BC /* WFImagePicker.app */;
			productType = "com.apple.product-type.application";
		};
/* End PBXNativeTarget section */

/* Begin PBXProject section */
		3C9CCE8320EFFC2C005F19BC /* Project object */ = {
			isa = PBXProject;
			attributes = {
				LastSwiftUpdateCheck = 0940;
				LastUpgradeCheck = 0940;
				ORGANIZATIONNAME = feitan;
				TargetAttributes = {
					3C9CCE8A20EFFC2C005F19BC = {
						CreatedOnToolsVersion = 9.4.1;
					};
				};
			};
			buildConfigurationList = 3C9CCE8620EFFC2C005F19BC /* Build configuration list for PBXProject "WFImagePicker" */;
			compatibilityVersion = "Xcode 9.3";
			developmentRegion = en;
			hasScannedForEncodings = 0;
			knownRegions = (
				en,
				Base,
			);
			mainGroup = 3C9CCE8220EFFC2C005F19BC;
			productRefGroup = 3C9CCE8C20EFFC2C005F19BC /* Products */;
			projectDirPath = "";
			projectRoot = "";
			targets = (
				3C9CCE8A20EFFC2C005F19BC /* WFImagePicker */,
			);
		};
/* End PBXProject section */

/* Begin PBXResourcesBuildPhase section */
		3C9CCE8920EFFC2C005F19BC /* Resources */ = {
			isa = PBXResourcesBuildPhase;
			buildActionMask = 2147483647;
			files = (
				3CAE8FD520F0AE4D00E402F9 /* WFImagePicker.bundle in Resources */,
				3C9CCE9920EFFC2D005F19BC /* LaunchScreen.storyboard in Resources */,
				3C9CCE9620EFFC2D005F19BC /* Assets.xcassets in Resources */,
				3C9CCE9420EFFC2C005F19BC /* Main.storyboard in Resources */,
			);
			runOnlyForDeploymentPostprocessing = 0;
		};
/* End PBXResourcesBuildPhase section */

/* Begin PBXSourcesBuildPhase section */
		3C9CCE8720EFFC2C005F19BC /* Sources */ = {
			isa = PBXSourcesBuildPhase;
			buildActionMask = 2147483647;
			files = (
				3C9CCEB920EFFC41005F19BC /* WFPresentationController.swift in Sources */,
				3C9CCE9120EFFC2C005F19BC /* ViewController.swift in Sources */,
				3C9CCEC220EFFC42005F19BC /* WFToolbar.swift in Sources */,
				3C9CCEBB20EFFC41005F19BC /* WFImagePickerConfiguration.swift in Sources */,
				3C9CCEB620EFFC41005F19BC /* WFImagePickerController.swift in Sources */,
				3C9CCE8F20EFFC2C005F19BC /* AppDelegate.swift in Sources */,
				3C9CCEC120EFFC42005F19BC /* WFPhotoListTableViewCell.swift in Sources */,
				3C9CCEB720EFFC41005F19BC /* WFPhotoBrowserViewController.swift in Sources */,
				3C9CCEB820EFFC41005F19BC /* WFPhotoListController.swift in Sources */,
				3C9CCEBE20EFFC41005F19BC /* WFImageAlbumModel.swift in Sources */,
				3C9CCEBC20EFFC41005F19BC /* WFConfig.swift in Sources */,
				3C9CCEC020EFFC42005F19BC /* WFPhotoBrowserCollectionViewCell.swift in Sources */,
				3C9CCEBF20EFFC41005F19BC /* WFImagePickerCollectionViewCell.swift in Sources */,
				3C9CCEBA20EFFC41005F19BC /* WFPhotoCollectionViewController.swift in Sources */,
				3C9CCEBD20EFFC41005F19BC /* WFUserContext.swift in Sources */,
			);
			runOnlyForDeploymentPostprocessing = 0;
		};
/* End PBXSourcesBuildPhase section */

/* Begin PBXVariantGroup section */
		3C9CCE9220EFFC2C005F19BC /* Main.storyboard */ = {
			isa = PBXVariantGroup;
			children = (
				3C9CCE9320EFFC2C005F19BC /* Base */,
			);
			name = Main.storyboard;
			sourceTree = "<group>";
		};
		3C9CCE9720EFFC2D005F19BC /* LaunchScreen.storyboard */ = {
			isa = PBXVariantGroup;
			children = (
				3C9CCE9820EFFC2D005F19BC /* Base */,
			);
			name = LaunchScreen.storyboard;
			sourceTree = "<group>";
		};
/* End PBXVariantGroup section */

/* Begin XCBuildConfiguration section */
		3C9CCE9B20EFFC2D005F19BC /* Debug */ = {
			isa = XCBuildConfiguration;
			buildSettings = {
				ALWAYS_SEARCH_USER_PATHS = NO;
				CLANG_ANALYZER_NONNULL = YES;
				CLANG_ANALYZER_NUMBER_OBJECT_CONVERSION = YES_AGGRESSIVE;
				CLANG_CXX_LANGUAGE_STANDARD = "gnu++14";
				CLANG_CXX_LIBRARY = "libc++";
				CLANG_ENABLE_MODULES = YES;
				CLANG_ENABLE_OBJC_ARC = YES;
				CLANG_ENABLE_OBJC_WEAK = YES;
				CLANG_WARN_BLOCK_CAPTURE_AUTORELEASING = YES;
				CLANG_WARN_BOOL_CONVERSION = YES;
				CLANG_WARN_COMMA = YES;
				CLANG_WARN_CONSTANT_CONVERSION = YES;
				CLANG_WARN_DEPRECATED_OBJC_IMPLEMENTATIONS = YES;
				CLANG_WARN_DIRECT_OBJC_ISA_USAGE = YES_ERROR;
				CLANG_WARN_DOCUMENTATION_COMMENTS = YES;
				CLANG_WARN_EMPTY_BODY = YES;
				CLANG_WARN_ENUM_CONVERSION = YES;
				CLANG_WARN_INFINITE_RECURSION = YES;
				CLANG_WARN_INT_CONVERSION = YES;
				CLANG_WARN_NON_LITERAL_NULL_CONVERSION = YES;
				CLANG_WARN_OBJC_IMPLICIT_RETAIN_SELF = YES;
				CLANG_WARN_OBJC_LITERAL_CONVERSION = YES;
				CLANG_WARN_OBJC_ROOT_CLASS = YES_ERROR;
				CLANG_WARN_RANGE_LOOP_ANALYSIS = YES;
				CLANG_WARN_STRICT_PROTOTYPES = YES;
				CLANG_WARN_SUSPICIOUS_MOVE = YES;
				CLANG_WARN_UNGUARDED_AVAILABILITY = YES_AGGRESSIVE;
				CLANG_WARN_UNREACHABLE_CODE = YES;
				CLANG_WARN__DUPLICATE_METHOD_MATCH = YES;
				CODE_SIGN_IDENTITY = "iPhone Developer";
				COPY_PHASE_STRIP = NO;
				DEBUG_INFORMATION_FORMAT = dwarf;
				ENABLE_STRICT_OBJC_MSGSEND = YES;
				ENABLE_TESTABILITY = YES;
				GCC_C_LANGUAGE_STANDARD = gnu11;
				GCC_DYNAMIC_NO_PIC = NO;
				GCC_NO_COMMON_BLOCKS = YES;
				GCC_OPTIMIZATION_LEVEL = 0;
				GCC_PREPROCESSOR_DEFINITIONS = (
					"DEBUG=1",
					"$(inherited)",
				);
				GCC_WARN_64_TO_32_BIT_CONVERSION = YES;
				GCC_WARN_ABOUT_RETURN_TYPE = YES_ERROR;
				GCC_WARN_UNDECLARED_SELECTOR = YES;
				GCC_WARN_UNINITIALIZED_AUTOS = YES_AGGRESSIVE;
				GCC_WARN_UNUSED_FUNCTION = YES;
				GCC_WARN_UNUSED_VARIABLE = YES;
				IPHONEOS_DEPLOYMENT_TARGET = 11.4;
				MTL_ENABLE_DEBUG_INFO = YES;
				ONLY_ACTIVE_ARCH = YES;
				SDKROOT = iphoneos;
				SWIFT_ACTIVE_COMPILATION_CONDITIONS = DEBUG;
				SWIFT_OPTIMIZATION_LEVEL = "-Onone";
			};
			name = Debug;
		};
		3C9CCE9C20EFFC2D005F19BC /* Release */ = {
			isa = XCBuildConfiguration;
			buildSettings = {
				ALWAYS_SEARCH_USER_PATHS = NO;
				CLANG_ANALYZER_NONNULL = YES;
				CLANG_ANALYZER_NUMBER_OBJECT_CONVERSION = YES_AGGRESSIVE;
				CLANG_CXX_LANGUAGE_STANDARD = "gnu++14";
				CLANG_CXX_LIBRARY = "libc++";
				CLANG_ENABLE_MODULES = YES;
				CLANG_ENABLE_OBJC_ARC = YES;
				CLANG_ENABLE_OBJC_WEAK = YES;
				CLANG_WARN_BLOCK_CAPTURE_AUTORELEASING = YES;
				CLANG_WARN_BOOL_CONVERSION = YES;
				CLANG_WARN_COMMA = YES;
				CLANG_WARN_CONSTANT_CONVERSION = YES;
				CLANG_WARN_DEPRECATED_OBJC_IMPLEMENTATIONS = YES;
				CLANG_WARN_DIRECT_OBJC_ISA_USAGE = YES_ERROR;
				CLANG_WARN_DOCUMENTATION_COMMENTS = YES;
				CLANG_WARN_EMPTY_BODY = YES;
				CLANG_WARN_ENUM_CONVERSION = YES;
				CLANG_WARN_INFINITE_RECURSION = YES;
				CLANG_WARN_INT_CONVERSION = YES;
				CLANG_WARN_NON_LITERAL_NULL_CONVERSION = YES;
				CLANG_WARN_OBJC_IMPLICIT_RETAIN_SELF = YES;
				CLANG_WARN_OBJC_LITERAL_CONVERSION = YES;
				CLANG_WARN_OBJC_ROOT_CLASS = YES_ERROR;
				CLANG_WARN_RANGE_LOOP_ANALYSIS = YES;
				CLANG_WARN_STRICT_PROTOTYPES = YES;
				CLANG_WARN_SUSPICIOUS_MOVE = YES;
				CLANG_WARN_UNGUARDED_AVAILABILITY = YES_AGGRESSIVE;
				CLANG_WARN_UNREACHABLE_CODE = YES;
				CLANG_WARN__DUPLICATE_METHOD_MATCH = YES;
				CODE_SIGN_IDENTITY = "iPhone Developer";
				COPY_PHASE_STRIP = NO;
				DEBUG_INFORMATION_FORMAT = "dwarf-with-dsym";
				ENABLE_NS_ASSERTIONS = NO;
				ENABLE_STRICT_OBJC_MSGSEND = YES;
				GCC_C_LANGUAGE_STANDARD = gnu11;
				GCC_NO_COMMON_BLOCKS = YES;
				GCC_WARN_64_TO_32_BIT_CONVERSION = YES;
				GCC_WARN_ABOUT_RETURN_TYPE = YES_ERROR;
				GCC_WARN_UNDECLARED_SELECTOR = YES;
				GCC_WARN_UNINITIALIZED_AUTOS = YES_AGGRESSIVE;
				GCC_WARN_UNUSED_FUNCTION = YES;
				GCC_WARN_UNUSED_VARIABLE = YES;
				IPHONEOS_DEPLOYMENT_TARGET = 11.4;
				MTL_ENABLE_DEBUG_INFO = NO;
				SDKROOT = iphoneos;
				SWIFT_COMPILATION_MODE = wholemodule;
				SWIFT_OPTIMIZATION_LEVEL = "-O";
				VALIDATE_PRODUCT = YES;
			};
			name = Release;
		};
		3C9CCE9E20EFFC2D005F19BC /* Debug */ = {
			isa = XCBuildConfiguration;
			buildSettings = {
				ASSETCATALOG_COMPILER_APPICON_NAME = AppIcon;
				CODE_SIGN_STYLE = Automatic;
				DEVELOPMENT_TEAM = PQEL7JJEJ9;
				INFOPLIST_FILE = WFImagePicker/Info.plist;
				LD_RUNPATH_SEARCH_PATHS = (
					"$(inherited)",
					"@executable_path/Frameworks",
				);
				PRODUCT_BUNDLE_IDENTIFIER = com.feitan.WFImagePicker;
				PRODUCT_NAME = "$(TARGET_NAME)";
				SWIFT_VERSION = 4.0;
				TARGETED_DEVICE_FAMILY = "1,2";
			};
			name = Debug;
		};
		3C9CCE9F20EFFC2D005F19BC /* Release */ = {
			isa = XCBuildConfiguration;
			buildSettings = {
				ASSETCATALOG_COMPILER_APPICON_NAME = AppIcon;
				CODE_SIGN_STYLE = Automatic;
				DEVELOPMENT_TEAM = PQEL7JJEJ9;
				INFOPLIST_FILE = WFImagePicker/Info.plist;
				LD_RUNPATH_SEARCH_PATHS = (
					"$(inherited)",
					"@executable_path/Frameworks",
				);
				PRODUCT_BUNDLE_IDENTIFIER = com.feitan.WFImagePicker;
				PRODUCT_NAME = "$(TARGET_NAME)";
				SWIFT_VERSION = 4.0;
				TARGETED_DEVICE_FAMILY = "1,2";
			};
			name = Release;
		};
/* End XCBuildConfiguration section */

/* Begin XCConfigurationList section */
		3C9CCE8620EFFC2C005F19BC /* Build configuration list for PBXProject "WFImagePicker" */ = {
			isa = XCConfigurationList;
			buildConfigurations = (
				3C9CCE9B20EFFC2D005F19BC /* Debug */,
				3C9CCE9C20EFFC2D005F19BC /* Release */,
			);
			defaultConfigurationIsVisible = 0;
			defaultConfigurationName = Release;
		};
		3C9CCE9D20EFFC2D005F19BC /* Build configuration list for PBXNativeTarget "WFImagePicker" */ = {
			isa = XCConfigurationList;
			buildConfigurations = (
				3C9CCE9E20EFFC2D005F19BC /* Debug */,
				3C9CCE9F20EFFC2D005F19BC /* Release */,
			);
			defaultConfigurationIsVisible = 0;
			defaultConfigurationName = Release;
		};
/* End XCConfigurationList section */
	};
	rootObject = 3C9CCE8320EFFC2C005F19BC /* Project object */;
}
